
Microsoft Visual Studio Solution File, Format Version 12.00
# Visual Studio 15
VisualStudioVersion = 15.0.27130.2024
MinimumVisualStudioVersion = 10.0.40219.1
Project("{A07B5EB6-E848-4116-A8D0-A826331D98C6}") = "Voting", "Voting\Voting.sfproj", "{009726DE-B5EA-4EF5-A3E0-3998A4676621}"
EndProject
Project("{9A19103F-16F7-4668-BE54-9A1E7A4F7556}") = "VotingWeb", "VotingWeb\VotingWeb.csproj", "{8AEF1D4D-B5C4-44AD-9ED0-1ADF587F2EF2}"
EndProject
Project("{FAE04EC0-301F-11D3-BF4B-00C04F79EFBC}") = "VotingData", "VotingData\VotingData.csproj", "{26FBFD5E-E019-4D92-AA75-A883B6F1A561}"
EndProject
Global
	GlobalSection(SolutionConfigurationPlatforms) = preSolution
		Debug|Any CPU = Debug|Any CPU
		Debug|x64 = Debug|x64
		Release|Any CPU = Release|Any CPU
		Release|x64 = Release|x64
	EndGlobalSection
	GlobalSection(ProjectConfigurationPlatforms) = postSolution
		{009726DE-B5EA-4EF5-A3E0-3998A4676621}.Debug|Any CPU.ActiveCfg = Debug|x64
		{009726DE-B5EA-4EF5-A3E0-3998A4676621}.Debug|x64.ActiveCfg = Debug|x64
		{009726DE-B5EA-4EF5-A3E0-3998A4676621}.Debug|x64.Build.0 = Debug|x64
		{009726DE-B5EA-4EF5-A3E0-3998A4676621}.Debug|x64.Deploy.0 = Debug|x64
		{009726DE-B5EA-4EF5-A3E0-3998A4676621}.Release|Any CPU.ActiveCfg = Release|x64
		{009726DE-B5EA-4EF5-A3E0-3998A4676621}.Release|x64.ActiveCfg = Release|x64
		{009726DE-B5EA-4EF5-A3E0-3998A4676621}.Release|x64.Build.0 = Release|x64
		{009726DE-B5EA-4EF5-A3E0-3998A4676621}.Release|x64.Deploy.0 = Release|x64
		{8AEF1D4D-B5C4-44AD-9ED0-1ADF587F2EF2}.Debug|Any CPU.ActiveCfg = Debug|Any CPU
		{8AEF1D4D-B5C4-44AD-9ED0-1ADF587F2EF2}.Debug|Any CPU.Build.0 = Debug|Any CPU
		{8AEF1D4D-B5C4-44AD-9ED0-1ADF587F2EF2}.Debug|x64.ActiveCfg = Debug|Any CPU
		{8AEF1D4D-B5C4-44AD-9ED0-1ADF587F2EF2}.Debug|x64.Build.0 = Debug|Any CPU
		{8AEF1D4D-B5C4-44AD-9ED0-1ADF587F2EF2}.Release|Any CPU.ActiveCfg = Release|Any CPU
		{8AEF1D4D-B5C4-44AD-9ED0-1ADF587F2EF2}.Release|Any CPU.Build.0 = Release|Any CPU
		{8AEF1D4D-B5C4-44AD-9ED0-1ADF587F2EF2}.Release|x64.ActiveCfg = Release|Any CPU
		{8AEF1D4D-B5C4-44AD-9ED0-1ADF587F2EF2}.Release|x64.Build.0 = Release|Any CPU
		{26FBFD5E-E019-4D92-AA75-A883B6F1A561}.Debug|Any CPU.ActiveCfg = Debug|Any CPU
		{26FBFD5E-E019-4D92-AA75-A883B6F1A561}.Debug|Any CPU.Build.0 = Debug|Any CPU
		{26FBFD5E-E019-4D92-AA75-A883B6F1A561}.Debug|x64.ActiveCfg = Debug|Any CPU
		{26FBFD5E-E019-4D92-AA75-A883B6F1A561}.Debug|x64.Build.0 = Debug|Any CPU
		{26FBFD5E-E019-4D92-AA75-A883B6F1A561}.Release|Any CPU.ActiveCfg = Release|Any CPU
		{26FBFD5E-E019-4D92-AA75-A883B6F1A561}.Release|Any CPU.Build.0 = Release|Any CPU
		{26FBFD5E-E019-4D92-AA75-A883B6F1A561}.Release|x64.ActiveCfg = Release|Any CPU
		{26FBFD5E-E019-4D92-AA75-A883B6F1A561}.Release|x64.Build.0 = Release|Any CPU
	EndGlobalSection
	GlobalSection(SolutionProperties) = preSolution
		HideSolutionNode = FALSE
	EndGlobalSection
	GlobalSection(ExtensibilityGlobals) = postSolution
		SolutionGuid = {8D892208-685D-4557-A2E2-AA48B42335A8}
	EndGlobalSection
EndGlobal
