
Microsoft Visual Studio Solution File, Format Version 12.00
# Visual Studio 15
VisualStudioVersion = 15.0.27130.2024
MinimumVisualStudioVersion = 10.0.40219.1
Project("{151D2E53-A2C4-4D7D-83FE-D05416EBD58E}") = "EsteeCloud", "EsteeCloud\EsteeCloud.deployproj", "{FA9C0680-371F-479E-9D8D-9E5529AA091E}"
EndProject
Global
	GlobalSection(SolutionConfigurationPlatforms) = preSolution
		Debug|Any CPU = Debug|Any CPU
		Release|Any CPU = Release|Any CPU
	EndGlobalSection
	GlobalSection(ProjectConfigurationPlatforms) = postSolution
		{FA9C0680-371F-479E-9D8D-9E5529AA091E}.Debug|Any CPU.ActiveCfg = Debug|Any CPU
		{FA9C0680-371F-479E-9D8D-9E5529AA091E}.Debug|Any CPU.Build.0 = Debug|Any CPU
		{FA9C0680-371F-479E-9D8D-9E5529AA091E}.Release|Any CPU.ActiveCfg = Release|Any CPU
		{FA9C0680-371F-479E-9D8D-9E5529AA091E}.Release|Any CPU.Build.0 = Release|Any CPU
	EndGlobalSection
	GlobalSection(SolutionProperties) = preSolution
		HideSolutionNode = FALSE
	EndGlobalSection
	GlobalSection(ExtensibilityGlobals) = postSolution
		SolutionGuid = {2468A65B-C463-4486-B08A-8A84EBC914FB}
	EndGlobalSection
EndGlobal
