
Microsoft Visual Studio Solution File, Format Version 12.00
# Visual Studio 15
VisualStudioVersion = 15.0.27130.2027
MinimumVisualStudioVersion = 10.0.40219.1
Project("{A07B5EB6-E848-4116-A8D0-A826331D98C6}") = "Voting", "Voting\Voting.sfproj", "{8F3CE2D5-B055-4151-B8FB-0696D631B41E}"
EndProject
Project("{9A19103F-16F7-4668-BE54-9A1E7A4F7556}") = "VotingWeb", "VotingWeb\VotingWeb.csproj", "{C6772DEC-E3F2-43C3-A971-D07C2D3C6C1E}"
EndProject
Project("{FAE04EC0-301F-11D3-BF4B-00C04F79EFBC}") = "VotingData", "VotingData\VotingData.csproj", "{99224096-5E27-4AE3-9121-6FE1FDA0B04C}"
EndProject
Global
	GlobalSection(SolutionConfigurationPlatforms) = preSolution
		Debug|Any CPU = Debug|Any CPU
		Debug|x64 = Debug|x64
		Release|Any CPU = Release|Any CPU
		Release|x64 = Release|x64
	EndGlobalSection
	GlobalSection(ProjectConfigurationPlatforms) = postSolution
		{8F3CE2D5-B055-4151-B8FB-0696D631B41E}.Debug|Any CPU.ActiveCfg = Debug|x64
		{8F3CE2D5-B055-4151-B8FB-0696D631B41E}.Debug|x64.ActiveCfg = Debug|x64
		{8F3CE2D5-B055-4151-B8FB-0696D631B41E}.Debug|x64.Build.0 = Debug|x64
		{8F3CE2D5-B055-4151-B8FB-0696D631B41E}.Debug|x64.Deploy.0 = Debug|x64
		{8F3CE2D5-B055-4151-B8FB-0696D631B41E}.Release|Any CPU.ActiveCfg = Release|x64
		{8F3CE2D5-B055-4151-B8FB-0696D631B41E}.Release|x64.ActiveCfg = Release|x64
		{8F3CE2D5-B055-4151-B8FB-0696D631B41E}.Release|x64.Build.0 = Release|x64
		{8F3CE2D5-B055-4151-B8FB-0696D631B41E}.Release|x64.Deploy.0 = Release|x64
		{C6772DEC-E3F2-43C3-A971-D07C2D3C6C1E}.Debug|Any CPU.ActiveCfg = Debug|Any CPU
		{C6772DEC-E3F2-43C3-A971-D07C2D3C6C1E}.Debug|Any CPU.Build.0 = Debug|Any CPU
		{C6772DEC-E3F2-43C3-A971-D07C2D3C6C1E}.Debug|x64.ActiveCfg = Debug|Any CPU
		{C6772DEC-E3F2-43C3-A971-D07C2D3C6C1E}.Debug|x64.Build.0 = Debug|Any CPU
		{C6772DEC-E3F2-43C3-A971-D07C2D3C6C1E}.Release|Any CPU.ActiveCfg = Release|Any CPU
		{C6772DEC-E3F2-43C3-A971-D07C2D3C6C1E}.Release|Any CPU.Build.0 = Release|Any CPU
		{C6772DEC-E3F2-43C3-A971-D07C2D3C6C1E}.Release|x64.ActiveCfg = Release|Any CPU
		{C6772DEC-E3F2-43C3-A971-D07C2D3C6C1E}.Release|x64.Build.0 = Release|Any CPU
		{99224096-5E27-4AE3-9121-6FE1FDA0B04C}.Debug|Any CPU.ActiveCfg = Debug|Any CPU
		{99224096-5E27-4AE3-9121-6FE1FDA0B04C}.Debug|Any CPU.Build.0 = Debug|Any CPU
		{99224096-5E27-4AE3-9121-6FE1FDA0B04C}.Debug|x64.ActiveCfg = Debug|Any CPU
		{99224096-5E27-4AE3-9121-6FE1FDA0B04C}.Debug|x64.Build.0 = Debug|Any CPU
		{99224096-5E27-4AE3-9121-6FE1FDA0B04C}.Release|Any CPU.ActiveCfg = Release|Any CPU
		{99224096-5E27-4AE3-9121-6FE1FDA0B04C}.Release|Any CPU.Build.0 = Release|Any CPU
		{99224096-5E27-4AE3-9121-6FE1FDA0B04C}.Release|x64.ActiveCfg = Release|Any CPU
		{99224096-5E27-4AE3-9121-6FE1FDA0B04C}.Release|x64.Build.0 = Release|Any CPU
	EndGlobalSection
	GlobalSection(SolutionProperties) = preSolution
		HideSolutionNode = FALSE
	EndGlobalSection
	GlobalSection(ExtensibilityGlobals) = postSolution
		SolutionGuid = {B80648D0-4F1B-4774-AD37-786B9076DCA5}
	EndGlobalSection
EndGlobal
